{
    "_meta": {
        "hash": {
            "sha256": "3afaff598a82dd5ff0034b75dbfecb8320f3c252ea1998d710a9b51ee189ec73"
        },
        "pipfile-spec": 6,
        "requires": {
            "python_version": "3.6"
        },
        "sources": [
            {
                "name": "pypi",
                "url": "https://pypi.org/simple",
                "verify_ssl": true
            }
        ]
    },
    "default": {
        "deap": {
            "hashes": [
                "sha256:95c63e66d755ec206c80fdb2908851c0bef420ee8651ad7be4f0578e9e909bcf"
            ],
            "index": "pypi",
            "version": "==1.2.2"
        },
        "neat-python": {
            "hashes": [
                "sha256:be722a62d053b39fe960228e3e0baffdebe73074133ce40bbd35de650ca53a0f",
                "sha256:c69f3748032cc9653b902f0cca05983b79f5288c67aed747aa47279161117059"
            ],
            "index": "pypi",
            "version": "==0.92"
        },
        "numpy": {
            "hashes": [
                "sha256:00a458d6821b1e87be873f2126d5646b901047a7480e8ae9773ecf214f0e19f3",
                "sha256:0470c5dc32212a08ebc2405f32e8ceb9a5b1c8ac61a2daf9835ec0856a220495",
                "sha256:24a9c287a4a1c427c2d45bf7c4fc6180c52a08fa0990d4c94e4c86a9b1e23ba5",
                "sha256:25600e8901012180a1b7cd1ac3e27e7793586ecd432383191929ac2edf37ff5d",
                "sha256:2d279bd99329e72c30937bdef82b6dc7779c7607c5a379bab1bf76be1f4c1422",
                "sha256:32af2bcf4bb7631dac19736a6e092ec9715e770dcaa1f85fcd99dec5040b2a4d",
                "sha256:3e90a9fce378114b6c2fc01fff7423300515c7b54b7cc71b02a22bc0bd7dfdd8",
                "sha256:5774d49516c37fd3fc1f232e033d2b152f3323ca4c7bfefd7277e4c67f3c08b4",
                "sha256:64ff21aac30d40c20ba994c94a08d439b8ced3b9c704af897e9e4ba09d10e62c",
                "sha256:803b2af862dcad6c11231ea3cd1015d1293efd6c87088be33d713a9b23e9e419",
                "sha256:95c830b09626508f7808ce7f1344fb98068e63143e6050e5dc3063142fc60007",
                "sha256:96e49a0c82b4e3130093002f625545104037c2d25866fa2e0c90d6e54f5a1fbc",
                "sha256:a1dd8221f0e69038748f47b8bb3248d0b9ecdf13fe837440951c3d5ff72639bb",
                "sha256:a80ecac5664f420556a725a5646f2d1c60a7c0489d68a38b5056393e949e27ac",
                "sha256:b19a47ff1bd2fca0cacdfa830c967746764c32dca6a0c0328d9c893f4bfe2f6b",
                "sha256:be43df2c563e264b38e3318574d80fc8f365df3fb745270934d2dbe54e006f41",
                "sha256:c40cb17188f6ae3c5b6efc6f0fd43a7ddd219b7807fe179e71027849a9b91afc",
                "sha256:c6251e0f0ecac53ba2b99d9f0cc16fa9021914a78869c38213c436ba343641f0",
                "sha256:cb189bd98b2e7ac02df389b6212846ab20661f4bafe16b5a70a6f1728c1cc7cb",
                "sha256:ef4ae41add536cb825d8aa029c15ef510aead06ea5b68daea64f0b9ecbff17db",
                "sha256:f00a2c21f60284e024bba351875f3501c6d5817d64997a0afe4f4355161a8889",
                "sha256:f1232f98a6bbd6d1678249f94028bccc541bbc306aa5c4e1471a881b0e5a3409",
                "sha256:fea682f6ddc09517df0e6d5caad9613c6d91a42232aeb082df67e4d205de19cc"
            ],
            "index": "pypi",
            "version": "==1.16.0"
        },
        "pygame": {
            "hashes": [
                "sha256:06dc92ccfea33b85f209db3d49f99a2a30c88fe9fb80fa2564cee443ece787b5",
                "sha256:0919a2ec5fcb0d00518c2a5fa99858ccf22d7fbcc0e12818b317062d11386984",
                "sha256:0a8c92e700e0042faefa998fa064616f330201890d6ea1c993eb3ff30ab53e99",
                "sha256:220a1048ebb3d11a4d48cc4219ec8f65ca62fcafd255239478677625e8ead2e9",
                "sha256:315861d2b8428f7b4d56d2c98d6c1acc18f08c77af4b129211bc036774f64be2",
                "sha256:3469e87867832fe5226396626a8a6a9dac9b2e21a7819dd8cd96cf0e08bbcd41",
                "sha256:54c19960180626165512d596235d75dc022d38844467cec769a8d8153fd66645",
                "sha256:5ba598736ab9716f53dc943a659a9578f62acfe00c0c9c5490f3aca61d078f75",
                "sha256:60ddc4f361babb30ff2d554132b1f3296490f3149d6c1c77682213563f59937a",
                "sha256:6a49ab8616a9de534f1bf62c98beabf0e0bb0b6ff8917576bba22820bba3fdad",
                "sha256:6d4966eeba652df2fd9a757b3fc5b29b578b47b58f991ad714471661ea2141cb",
                "sha256:700d1781c999af25d11bfd1f3e158ebb660f72ebccb2040ecafe5069d0b2c0b6",
                "sha256:73f4c28e894e76797b8ccaf6eb1205b433efdb803c70f489ebc3db6ac9c097e6",
                "sha256:786eca2bea11abd924f3f67eb2483bcb22acff08f28dbdbf67130abe54b23797",
                "sha256:7bcf586a1c51a735361ca03561979eea3180de45e6165bcdfa12878b752544af",
                "sha256:82a1e93d82c1babceeb278c55012a9f5140e77665d372a6d97ec67786856d254",
                "sha256:9e03589bc80a21ae951fca7659a767b7cac668289937e3756c0ab3d753cf6d24",
                "sha256:aa8926a4e34fb0943abe1a8bb04a0ad82265341bf20064c0862db0a521100dfc",
                "sha256:aa90689b889c417d2ac571ef2bbb5f7e735ae30c7553c60fae7508404f46c101",
                "sha256:c9f8cdefee267a2e690bf17d61a8f5670b620f25a981f24781b034363a8eedc9",
                "sha256:d9177afb2f46103bfc28a51fbc49ce18987a857e5c934db47b4a7030cb30fbd0",
                "sha256:deb0551d4bbfb8131e2463a7fe1943bfcec5beb11acdf9c4bfa27fa5a9758d62",
                "sha256:e7edfe57a5972aa9130ce9a186020a0f097e7a8e4c25e292109bdae1432b77f9",
                "sha256:f0ad32efb9e26160645d62ba6cf3e5a5828dc4e82e8f41f9badfe7b685b07295"
            ],
            "index": "pypi",
            "version": "==1.9.4"
        },
        "torch": {
            "hashes": [
                "sha256:012a9c7efce86c7a0ce78cd7945fe7c798049537fc3e85af9f14e8789d13c17f",
                "sha256:4aadc7124afc431ac6a227a05dc8eff417b6fd8f90fc6c44d514ddfca9a6b474",
                "sha256:53e12607830ccb1e5fc4076aafe19bdbbc380799793fbaad696714b72859bde6",
                "sha256:7e73a141bf817c0a914131dec51ea24a2f1946b96749b003af664230a9b95197",
                "sha256:cb92ac65fcc7685fa6c5920b24101182dcb706d841fc6154ada604f749b615e3",
                "sha256:cedbc382a0e992a169c73d2c469887c2e5ce0c6fa88b1dabe8f9021e1acb564f",
                "sha256:ded9e2e59c086127423c23e902e2bec42b3b443a0e458fae76c013f62a7e0748",
                "sha256:df005dff3e3f12911630e48e0e75d3594a424a317d785b49426c23d0810a4682",
                "sha256:f4196ce8ba17797f3c2d13c0d53cf461a8e32f6130a08e6e4ce917637afccdc6"
            ],
            "index": "pypi",
            "version": "==1.0.0"
        },
        "tqdm": {
            "hashes": [
                "sha256:b856be5cb6cfaee3b2733655c7c5bbc7751291bb5d1a4f54f020af4727570b3e",
                "sha256:c9b9b5eeba13994a4c266aae7eef7aeeb0ba2973e431027e942b4faea139ef49"
            ],
            "index": "pypi",
            "version": "==4.29.1"
        }
    },
    "develop": {}
}
